
Microsoft Visual Studio Solution File, Format Version 12.00
# Visual Studio Version 16
VisualStudioVersion = 16.0.30907.101
MinimumVisualStudioVersion = 10.0.40219.1
Project("{9A19103F-16F7-4668-BE54-9A1E7A4F7556}") = "Extensions", "Extensions\Extensions.csproj", "{71F928F0-CDD7-4A01-8D7E-6BABC2162853}"
EndProject
Project("{9A19103F-16F7-4668-BE54-9A1E7A4F7556}") = "Tests", "Tests\Tests.csproj", "{20C4236A-C94F-41D0-8D43-C2936BDA3FAA}"
EndProject
Global
	GlobalSection(SolutionConfigurationPlatforms) = preSolution
		Debug|Any CPU = Debug|Any CPU
		Release|Any CPU = Release|Any CPU
	EndGlobalSection
	GlobalSection(ProjectConfigurationPlatforms) = postSolution
		{71F928F0-CDD7-4A01-8D7E-6BABC2162853}.Debug|Any CPU.ActiveCfg = Debug|Any CPU
		{71F928F0-CDD7-4A01-8D7E-6BABC2162853}.Debug|Any CPU.Build.0 = Debug|Any CPU
		{71F928F0-CDD7-4A01-8D7E-6BABC2162853}.Release|Any CPU.ActiveCfg = Release|Any CPU
		{71F928F0-CDD7-4A01-8D7E-6BABC2162853}.Release|Any CPU.Build.0 = Release|Any CPU
		{20C4236A-C94F-41D0-8D43-C2936BDA3FAA}.Debug|Any CPU.ActiveCfg = Debug|Any CPU
		{20C4236A-C94F-41D0-8D43-C2936BDA3FAA}.Debug|Any CPU.Build.0 = Debug|Any CPU
		{20C4236A-C94F-41D0-8D43-C2936BDA3FAA}.Release|Any CPU.ActiveCfg = Release|Any CPU
		{20C4236A-C94F-41D0-8D43-C2936BDA3FAA}.Release|Any CPU.Build.0 = Release|Any CPU
	EndGlobalSection
	GlobalSection(SolutionProperties) = preSolution
		HideSolutionNode = FALSE
	EndGlobalSection
	GlobalSection(ExtensibilityGlobals) = postSolution
		SolutionGuid = {149827F3-AF6A-4CA4-8CAD-B0B263B614E6}
	EndGlobalSection
EndGlobal
